
Microsoft Visual Studio Solution File, Format Version 12.00
# Visual Studio Version 16
VisualStudioVersion = 16.0.29102.190
MinimumVisualStudioVersion = 10.0.40219.1
Project("{9A19103F-16F7-4668-BE54-9A1E7A4F7556}") = "BeSpokedBikes", "BeSpokedBikes\BeSpokedBikes.csproj", "{60322F6F-9301-408C-811B-20D4F49B0D4C}"
EndProject
Project("{FAE04EC0-301F-11D3-BF4B-00C04F79EFBC}") = "BeSpokedBikesTests", "BeSpokedBikesTests\BeSpokedBikesTests.csproj", "{22135643-3BC7-49EE-B858-FEA3FDEB3EDB}"
EndProject
Global
	GlobalSection(SolutionConfigurationPlatforms) = preSolution
		Debug|Any CPU = Debug|Any CPU
		Release|Any CPU = Release|Any CPU
	EndGlobalSection
	GlobalSection(ProjectConfigurationPlatforms) = postSolution
		{60322F6F-9301-408C-811B-20D4F49B0D4C}.Debug|Any CPU.ActiveCfg = Debug|Any CPU
		{60322F6F-9301-408C-811B-20D4F49B0D4C}.Debug|Any CPU.Build.0 = Debug|Any CPU
		{60322F6F-9301-408C-811B-20D4F49B0D4C}.Release|Any CPU.ActiveCfg = Release|Any CPU
		{60322F6F-9301-408C-811B-20D4F49B0D4C}.Release|Any CPU.Build.0 = Release|Any CPU
		{22135643-3BC7-49EE-B858-FEA3FDEB3EDB}.Debug|Any CPU.ActiveCfg = Debug|Any CPU
		{22135643-3BC7-49EE-B858-FEA3FDEB3EDB}.Debug|Any CPU.Build.0 = Debug|Any CPU
		{22135643-3BC7-49EE-B858-FEA3FDEB3EDB}.Release|Any CPU.ActiveCfg = Release|Any CPU
		{22135643-3BC7-49EE-B858-FEA3FDEB3EDB}.Release|Any CPU.Build.0 = Release|Any CPU
	EndGlobalSection
	GlobalSection(SolutionProperties) = preSolution
		HideSolutionNode = FALSE
	EndGlobalSection
	GlobalSection(ExtensibilityGlobals) = postSolution
		SolutionGuid = {E5F8202E-256B-4E8C-B5DE-47BA8235B36F}
	EndGlobalSection
EndGlobal
